
Microsoft Visual Studio Solution File, Format Version 12.00
# Visual Studio Version 16
VisualStudioVersion = 16.0.31424.327
MinimumVisualStudioVersion = 10.0.40219.1
Project("{9A19103F-16F7-4668-BE54-9A1E7A4F7556}") = "Aula38_sem_OO", "S04\Aula38_sem_OO\Aula38_sem_OO.csproj", "{9DB8633D-C162-4F20-9369-166E894B3D11}"
EndProject
Project("{2150E333-8FDC-42A3-9474-1A3956D46DE8}") = "S04", "S04", "{C09C8B27-D548-4D5F-A700-B5D998835D3E}"
EndProject
Project("{9A19103F-16F7-4668-BE54-9A1E7A4F7556}") = "Aula39_com_OO", "S04\Aula39_com_OO\Aula39_com_OO.csproj", "{E64B46DC-0569-475E-BA99-2DB724DDA90D}"
EndProject
Project("{9A19103F-16F7-4668-BE54-9A1E7A4F7556}") = "Aula42", "S04\Aula42\Aula42.csproj", "{BC6CBBAD-C299-4B00-8C32-B3DA3B06F138}"
EndProject
Project("{FAE04EC0-301F-11D3-BF4B-00C04F79EFBC}") = "Aula47_a", "S04\Aula47_a\Aula47_a.csproj", "{47073E0F-594B-4482-8FF9-89D631195E2F}"
EndProject
Project("{FAE04EC0-301F-11D3-BF4B-00C04F79EFBC}") = "Aula47_b", "S04\Aula47_b\Aula47_b.csproj", "{D65912E2-E507-4890-B9D6-D7C04F860380}"
EndProject
Project("{FAE04EC0-301F-11D3-BF4B-00C04F79EFBC}") = "Aula48_a", "S04\Aula48_a\Aula48_a.csproj", "{FB55330B-F604-4930-99A7-A84A96543712}"
EndProject
Project("{FAE04EC0-301F-11D3-BF4B-00C04F79EFBC}") = "Aula48_b", "S04\Aula48_b\Aula48_b.csproj", "{094F9F88-8D3E-4F5C-B927-FB301D75A8E8}"
EndProject
Project("{FAE04EC0-301F-11D3-BF4B-00C04F79EFBC}") = "EF01", "S04\EF01\EF01.csproj", "{916B5793-C2E5-4049-ACFD-F459A7F58135}"
EndProject
Project("{FAE04EC0-301F-11D3-BF4B-00C04F79EFBC}") = "EF02", "S04\EF02\EF02.csproj", "{14F93199-F150-47EC-BA51-4B8F3DA6D7DD}"
EndProject
Project("{FAE04EC0-301F-11D3-BF4B-00C04F79EFBC}") = "EF04", "S04\EF04\EF04.csproj", "{F1AA5619-2BE8-4DC9-9F99-7F70729D5B29}"
EndProject
Project("{FAE04EC0-301F-11D3-BF4B-00C04F79EFBC}") = "EF03_b", "S04\EF03_b\EF03_b.csproj", "{C924BBB2-F094-4451-8BAD-4605B8FACF54}"
EndProject
Project("{FAE04EC0-301F-11D3-BF4B-00C04F79EFBC}") = "EF03_a", "S04\EF03_a\EF03_a.csproj", "{22BAA00C-2D19-456C-A653-72D577BE3DFF}"
EndProject
Project("{2150E333-8FDC-42A3-9474-1A3956D46DE8}") = "S05", "S05", "{4FFBFFF3-72C2-41E2-AA76-5A52827231DF}"
EndProject
Project("{FAE04EC0-301F-11D3-BF4B-00C04F79EFBC}") = "Aula51", "S05\Aula51\Aula51.csproj", "{319A718B-9481-4960-BC45-633AED68D7D0}"
EndProject
Project("{FAE04EC0-301F-11D3-BF4B-00C04F79EFBC}") = "Aula55", "S05\Aula55\Aula55.csproj", "{A3CC7F6A-D6BE-460B-9427-C53ECD8422D6}"
EndProject
Project("{FAE04EC0-301F-11D3-BF4B-00C04F79EFBC}") = "EF01_a_s05", "S05\EF01_a\EF01_a_s05.csproj", "{53B73C82-F06A-4D98-80C7-0FE9C7BC699F}"
EndProject
Project("{FAE04EC0-301F-11D3-BF4B-00C04F79EFBC}") = "EF01_b_s05", "S05\EF01_b\EF01_b_s05.csproj", "{8B0B9AF4-9CDA-4BD7-80BA-FFB653338987}"
EndProject
Project("{FAE04EC0-301F-11D3-BF4B-00C04F79EFBC}") = "EF01_c_s05", "S05\EF01_c\EF01_c_s05.csproj", "{B47AAB54-DB6D-477E-8900-D37E82A249DF}"
EndProject
Global
	GlobalSection(SolutionConfigurationPlatforms) = preSolution
		Debug|Any CPU = Debug|Any CPU
		Release|Any CPU = Release|Any CPU
	EndGlobalSection
	GlobalSection(ProjectConfigurationPlatforms) = postSolution
		{9DB8633D-C162-4F20-9369-166E894B3D11}.Debug|Any CPU.ActiveCfg = Debug|Any CPU
		{9DB8633D-C162-4F20-9369-166E894B3D11}.Debug|Any CPU.Build.0 = Debug|Any CPU
		{9DB8633D-C162-4F20-9369-166E894B3D11}.Release|Any CPU.ActiveCfg = Release|Any CPU
		{9DB8633D-C162-4F20-9369-166E894B3D11}.Release|Any CPU.Build.0 = Release|Any CPU
		{E64B46DC-0569-475E-BA99-2DB724DDA90D}.Debug|Any CPU.ActiveCfg = Debug|Any CPU
		{E64B46DC-0569-475E-BA99-2DB724DDA90D}.Debug|Any CPU.Build.0 = Debug|Any CPU
		{E64B46DC-0569-475E-BA99-2DB724DDA90D}.Release|Any CPU.ActiveCfg = Release|Any CPU
		{E64B46DC-0569-475E-BA99-2DB724DDA90D}.Release|Any CPU.Build.0 = Release|Any CPU
		{BC6CBBAD-C299-4B00-8C32-B3DA3B06F138}.Debug|Any CPU.ActiveCfg = Debug|Any CPU
		{BC6CBBAD-C299-4B00-8C32-B3DA3B06F138}.Debug|Any CPU.Build.0 = Debug|Any CPU
		{BC6CBBAD-C299-4B00-8C32-B3DA3B06F138}.Release|Any CPU.ActiveCfg = Release|Any CPU
		{BC6CBBAD-C299-4B00-8C32-B3DA3B06F138}.Release|Any CPU.Build.0 = Release|Any CPU
		{47073E0F-594B-4482-8FF9-89D631195E2F}.Debug|Any CPU.ActiveCfg = Debug|Any CPU
		{47073E0F-594B-4482-8FF9-89D631195E2F}.Debug|Any CPU.Build.0 = Debug|Any CPU
		{47073E0F-594B-4482-8FF9-89D631195E2F}.Release|Any CPU.ActiveCfg = Release|Any CPU
		{47073E0F-594B-4482-8FF9-89D631195E2F}.Release|Any CPU.Build.0 = Release|Any CPU
		{D65912E2-E507-4890-B9D6-D7C04F860380}.Debug|Any CPU.ActiveCfg = Debug|Any CPU
		{D65912E2-E507-4890-B9D6-D7C04F860380}.Debug|Any CPU.Build.0 = Debug|Any CPU
		{D65912E2-E507-4890-B9D6-D7C04F860380}.Release|Any CPU.ActiveCfg = Release|Any CPU
		{D65912E2-E507-4890-B9D6-D7C04F860380}.Release|Any CPU.Build.0 = Release|Any CPU
		{FB55330B-F604-4930-99A7-A84A96543712}.Debug|Any CPU.ActiveCfg = Debug|Any CPU
		{FB55330B-F604-4930-99A7-A84A96543712}.Debug|Any CPU.Build.0 = Debug|Any CPU
		{FB55330B-F604-4930-99A7-A84A96543712}.Release|Any CPU.ActiveCfg = Release|Any CPU
		{FB55330B-F604-4930-99A7-A84A96543712}.Release|Any CPU.Build.0 = Release|Any CPU
		{094F9F88-8D3E-4F5C-B927-FB301D75A8E8}.Debug|Any CPU.ActiveCfg = Debug|Any CPU
		{094F9F88-8D3E-4F5C-B927-FB301D75A8E8}.Debug|Any CPU.Build.0 = Debug|Any CPU
		{094F9F88-8D3E-4F5C-B927-FB301D75A8E8}.Release|Any CPU.ActiveCfg = Release|Any CPU
		{094F9F88-8D3E-4F5C-B927-FB301D75A8E8}.Release|Any CPU.Build.0 = Release|Any CPU
		{916B5793-C2E5-4049-ACFD-F459A7F58135}.Debug|Any CPU.ActiveCfg = Debug|Any CPU
		{916B5793-C2E5-4049-ACFD-F459A7F58135}.Debug|Any CPU.Build.0 = Debug|Any CPU
		{916B5793-C2E5-4049-ACFD-F459A7F58135}.Release|Any CPU.ActiveCfg = Release|Any CPU
		{916B5793-C2E5-4049-ACFD-F459A7F58135}.Release|Any CPU.Build.0 = Release|Any CPU
		{14F93199-F150-47EC-BA51-4B8F3DA6D7DD}.Debug|Any CPU.ActiveCfg = Debug|Any CPU
		{14F93199-F150-47EC-BA51-4B8F3DA6D7DD}.Debug|Any CPU.Build.0 = Debug|Any CPU
		{14F93199-F150-47EC-BA51-4B8F3DA6D7DD}.Release|Any CPU.ActiveCfg = Release|Any CPU
		{14F93199-F150-47EC-BA51-4B8F3DA6D7DD}.Release|Any CPU.Build.0 = Release|Any CPU
		{F1AA5619-2BE8-4DC9-9F99-7F70729D5B29}.Debug|Any CPU.ActiveCfg = Debug|Any CPU
		{F1AA5619-2BE8-4DC9-9F99-7F70729D5B29}.Debug|Any CPU.Build.0 = Debug|Any CPU
		{F1AA5619-2BE8-4DC9-9F99-7F70729D5B29}.Release|Any CPU.ActiveCfg = Release|Any CPU
		{F1AA5619-2BE8-4DC9-9F99-7F70729D5B29}.Release|Any CPU.Build.0 = Release|Any CPU
		{C924BBB2-F094-4451-8BAD-4605B8FACF54}.Debug|Any CPU.ActiveCfg = Debug|Any CPU
		{C924BBB2-F094-4451-8BAD-4605B8FACF54}.Debug|Any CPU.Build.0 = Debug|Any CPU
		{C924BBB2-F094-4451-8BAD-4605B8FACF54}.Release|Any CPU.ActiveCfg = Release|Any CPU
		{C924BBB2-F094-4451-8BAD-4605B8FACF54}.Release|Any CPU.Build.0 = Release|Any CPU
		{22BAA00C-2D19-456C-A653-72D577BE3DFF}.Debug|Any CPU.ActiveCfg = Debug|Any CPU
		{22BAA00C-2D19-456C-A653-72D577BE3DFF}.Debug|Any CPU.Build.0 = Debug|Any CPU
		{22BAA00C-2D19-456C-A653-72D577BE3DFF}.Release|Any CPU.ActiveCfg = Release|Any CPU
		{22BAA00C-2D19-456C-A653-72D577BE3DFF}.Release|Any CPU.Build.0 = Release|Any CPU
		{319A718B-9481-4960-BC45-633AED68D7D0}.Debug|Any CPU.ActiveCfg = Debug|Any CPU
		{319A718B-9481-4960-BC45-633AED68D7D0}.Debug|Any CPU.Build.0 = Debug|Any CPU
		{319A718B-9481-4960-BC45-633AED68D7D0}.Release|Any CPU.ActiveCfg = Release|Any CPU
		{319A718B-9481-4960-BC45-633AED68D7D0}.Release|Any CPU.Build.0 = Release|Any CPU
		{A3CC7F6A-D6BE-460B-9427-C53ECD8422D6}.Debug|Any CPU.ActiveCfg = Debug|Any CPU
		{A3CC7F6A-D6BE-460B-9427-C53ECD8422D6}.Debug|Any CPU.Build.0 = Debug|Any CPU
		{A3CC7F6A-D6BE-460B-9427-C53ECD8422D6}.Release|Any CPU.ActiveCfg = Release|Any CPU
		{A3CC7F6A-D6BE-460B-9427-C53ECD8422D6}.Release|Any CPU.Build.0 = Release|Any CPU
		{53B73C82-F06A-4D98-80C7-0FE9C7BC699F}.Debug|Any CPU.ActiveCfg = Debug|Any CPU
		{53B73C82-F06A-4D98-80C7-0FE9C7BC699F}.Debug|Any CPU.Build.0 = Debug|Any CPU
		{53B73C82-F06A-4D98-80C7-0FE9C7BC699F}.Release|Any CPU.ActiveCfg = Release|Any CPU
		{53B73C82-F06A-4D98-80C7-0FE9C7BC699F}.Release|Any CPU.Build.0 = Release|Any CPU
		{8B0B9AF4-9CDA-4BD7-80BA-FFB653338987}.Debug|Any CPU.ActiveCfg = Debug|Any CPU
		{8B0B9AF4-9CDA-4BD7-80BA-FFB653338987}.Debug|Any CPU.Build.0 = Debug|Any CPU
		{8B0B9AF4-9CDA-4BD7-80BA-FFB653338987}.Release|Any CPU.ActiveCfg = Release|Any CPU
		{8B0B9AF4-9CDA-4BD7-80BA-FFB653338987}.Release|Any CPU.Build.0 = Release|Any CPU
		{B47AAB54-DB6D-477E-8900-D37E82A249DF}.Debug|Any CPU.ActiveCfg = Debug|Any CPU
		{B47AAB54-DB6D-477E-8900-D37E82A249DF}.Debug|Any CPU.Build.0 = Debug|Any CPU
		{B47AAB54-DB6D-477E-8900-D37E82A249DF}.Release|Any CPU.ActiveCfg = Release|Any CPU
		{B47AAB54-DB6D-477E-8900-D37E82A249DF}.Release|Any CPU.Build.0 = Release|Any CPU
	EndGlobalSection
	GlobalSection(SolutionProperties) = preSolution
		HideSolutionNode = FALSE
	EndGlobalSection
	GlobalSection(NestedProjects) = preSolution
		{9DB8633D-C162-4F20-9369-166E894B3D11} = {C09C8B27-D548-4D5F-A700-B5D998835D3E}
		{E64B46DC-0569-475E-BA99-2DB724DDA90D} = {C09C8B27-D548-4D5F-A700-B5D998835D3E}
		{BC6CBBAD-C299-4B00-8C32-B3DA3B06F138} = {C09C8B27-D548-4D5F-A700-B5D998835D3E}
		{47073E0F-594B-4482-8FF9-89D631195E2F} = {C09C8B27-D548-4D5F-A700-B5D998835D3E}
		{D65912E2-E507-4890-B9D6-D7C04F860380} = {C09C8B27-D548-4D5F-A700-B5D998835D3E}
		{FB55330B-F604-4930-99A7-A84A96543712} = {C09C8B27-D548-4D5F-A700-B5D998835D3E}
		{094F9F88-8D3E-4F5C-B927-FB301D75A8E8} = {C09C8B27-D548-4D5F-A700-B5D998835D3E}
		{916B5793-C2E5-4049-ACFD-F459A7F58135} = {C09C8B27-D548-4D5F-A700-B5D998835D3E}
		{14F93199-F150-47EC-BA51-4B8F3DA6D7DD} = {C09C8B27-D548-4D5F-A700-B5D998835D3E}
		{F1AA5619-2BE8-4DC9-9F99-7F70729D5B29} = {C09C8B27-D548-4D5F-A700-B5D998835D3E}
		{C924BBB2-F094-4451-8BAD-4605B8FACF54} = {C09C8B27-D548-4D5F-A700-B5D998835D3E}
		{22BAA00C-2D19-456C-A653-72D577BE3DFF} = {C09C8B27-D548-4D5F-A700-B5D998835D3E}
		{319A718B-9481-4960-BC45-633AED68D7D0} = {4FFBFFF3-72C2-41E2-AA76-5A52827231DF}
		{A3CC7F6A-D6BE-460B-9427-C53ECD8422D6} = {4FFBFFF3-72C2-41E2-AA76-5A52827231DF}
		{53B73C82-F06A-4D98-80C7-0FE9C7BC699F} = {4FFBFFF3-72C2-41E2-AA76-5A52827231DF}
		{8B0B9AF4-9CDA-4BD7-80BA-FFB653338987} = {4FFBFFF3-72C2-41E2-AA76-5A52827231DF}
		{B47AAB54-DB6D-477E-8900-D37E82A249DF} = {4FFBFFF3-72C2-41E2-AA76-5A52827231DF}
	EndGlobalSection
	GlobalSection(ExtensibilityGlobals) = postSolution
		SolutionGuid = {09E4108B-7978-4A40-BA72-242AE0C15AC8}
	EndGlobalSection
EndGlobal
