
Microsoft Visual Studio Solution File, Format Version 12.00
# Visual Studio Version 16
VisualStudioVersion = 16.0.31424.327
MinimumVisualStudioVersion = 10.0.40219.1
Project("{9A19103F-16F7-4668-BE54-9A1E7A4F7556}") = "Aula38_sem_OO", "S04\Aula38_sem_OO\Aula38_sem_OO.csproj", "{9DB8633D-C162-4F20-9369-166E894B3D11}"
EndProject
Project("{2150E333-8FDC-42A3-9474-1A3956D46DE8}") = "S04", "S04", "{C09C8B27-D548-4D5F-A700-B5D998835D3E}"
EndProject
Project("{9A19103F-16F7-4668-BE54-9A1E7A4F7556}") = "Aula39_com_OO", "S04\Aula39_com_OO\Aula39_com_OO.csproj", "{E64B46DC-0569-475E-BA99-2DB724DDA90D}"
EndProject
Project("{9A19103F-16F7-4668-BE54-9A1E7A4F7556}") = "Aula42", "S04\Aula42\Aula42.csproj", "{BC6CBBAD-C299-4B00-8C32-B3DA3B06F138}"
EndProject
Project("{9A19103F-16F7-4668-BE54-9A1E7A4F7556}") = "Aula47_a", "S04\Aula47_a\Aula47_a.csproj", "{47073E0F-594B-4482-8FF9-89D631195E2F}"
EndProject
Project("{9A19103F-16F7-4668-BE54-9A1E7A4F7556}") = "Aula47_b", "S04\Aula47_b\Aula47_b.csproj", "{D65912E2-E507-4890-B9D6-D7C04F860380}"
EndProject
Project("{9A19103F-16F7-4668-BE54-9A1E7A4F7556}") = "Aula48_a", "S04\Aula48_a\Aula48_a.csproj", "{FB55330B-F604-4930-99A7-A84A96543712}"
EndProject
Project("{9A19103F-16F7-4668-BE54-9A1E7A4F7556}") = "Aula48_b", "S04\Aula48_b\Aula48_b.csproj", "{094F9F88-8D3E-4F5C-B927-FB301D75A8E8}"
EndProject
Project("{9A19103F-16F7-4668-BE54-9A1E7A4F7556}") = "EF01", "S04\EF01\EF01.csproj", "{916B5793-C2E5-4049-ACFD-F459A7F58135}"
EndProject
Project("{9A19103F-16F7-4668-BE54-9A1E7A4F7556}") = "EF02", "S04\EF02\EF02.csproj", "{14F93199-F150-47EC-BA51-4B8F3DA6D7DD}"
EndProject
Project("{9A19103F-16F7-4668-BE54-9A1E7A4F7556}") = "EF04", "S04\EF04\EF04.csproj", "{F1AA5619-2BE8-4DC9-9F99-7F70729D5B29}"
EndProject
Project("{9A19103F-16F7-4668-BE54-9A1E7A4F7556}") = "EF03_b", "S04\EF03_b\EF03_b.csproj", "{C924BBB2-F094-4451-8BAD-4605B8FACF54}"
EndProject
Project("{9A19103F-16F7-4668-BE54-9A1E7A4F7556}") = "EF03_a", "S04\EF03_a\EF03_a.csproj", "{22BAA00C-2D19-456C-A653-72D577BE3DFF}"
EndProject
Project("{2150E333-8FDC-42A3-9474-1A3956D46DE8}") = "S05", "S05", "{4FFBFFF3-72C2-41E2-AA76-5A52827231DF}"
EndProject
Project("{9A19103F-16F7-4668-BE54-9A1E7A4F7556}") = "Aula51", "S05\Aula51\Aula51.csproj", "{319A718B-9481-4960-BC45-633AED68D7D0}"
EndProject
Project("{9A19103F-16F7-4668-BE54-9A1E7A4F7556}") = "Aula55", "S05\Aula55\Aula55.csproj", "{A3CC7F6A-D6BE-460B-9427-C53ECD8422D6}"
EndProject
Project("{9A19103F-16F7-4668-BE54-9A1E7A4F7556}") = "EF01_a_s05", "S05\EF01_a\EF01_a_s05.csproj", "{53B73C82-F06A-4D98-80C7-0FE9C7BC699F}"
EndProject
Project("{9A19103F-16F7-4668-BE54-9A1E7A4F7556}") = "EF01_b_s05", "S05\EF01_b\EF01_b_s05.csproj", "{8B0B9AF4-9CDA-4BD7-80BA-FFB653338987}"
EndProject
Project("{9A19103F-16F7-4668-BE54-9A1E7A4F7556}") = "EF01_c_s05", "S05\EF01_c\EF01_c_s05.csproj", "{B47AAB54-DB6D-477E-8900-D37E82A249DF}"
EndProject
Project("{2150E333-8FDC-42A3-9474-1A3956D46DE8}") = "S06", "S06", "{D437BF21-7064-4E26-BCFC-A2D94FF5D175}"
EndProject
Project("{9A19103F-16F7-4668-BE54-9A1E7A4F7556}") = "Aula69", "S06\Aula69\Aula69.csproj", "{4744EB20-0E11-40EB-9774-1D8853363E91}"
EndProject
Project("{9A19103F-16F7-4668-BE54-9A1E7A4F7556}") = "Aula70", "s06\Aula70\Aula70.csproj", "{21D1770B-397B-41B6-8954-57DB288ED24C}"
EndProject
Project("{9A19103F-16F7-4668-BE54-9A1E7A4F7556}") = "Aula71", "S06\Aula71\Aula71.csproj", "{4941CB7F-FC0F-447F-BD7E-6B67051F1F51}"
EndProject
Project("{9A19103F-16F7-4668-BE54-9A1E7A4F7556}") = "Aula72", "S06\Aula72\Aula72.csproj", "{AE31D21F-C9F2-4816-BBE5-67EF04B4AD48}"
EndProject
Project("{9A19103F-16F7-4668-BE54-9A1E7A4F7556}") = "Aula73_a", "s06\Aula73_a\Aula73_a.csproj", "{11836C22-52A8-4584-BE44-EFF1A177E3B9}"
EndProject
Project("{9A19103F-16F7-4668-BE54-9A1E7A4F7556}") = "Aula73_b", "s06\Aula73_b\Aula73_b.csproj", "{4A83F9BD-C808-410A-A6B5-72D882D41949}"
EndProject
Project("{9A19103F-16F7-4668-BE54-9A1E7A4F7556}") = "Aula77", "s06\Aula77\Aula77.csproj", "{7DC245F8-B71A-48FD-B0A0-98B1D5A29D7C}"
EndProject
Project("{9A19103F-16F7-4668-BE54-9A1E7A4F7556}") = "Aula78", "s06\Aula78\Aula78.csproj", "{4C6BCA3B-1A36-425B-AB73-C3C4DD430BDA}"
EndProject
Project("{9A19103F-16F7-4668-BE54-9A1E7A4F7556}") = "Aula80", "s06\Aula80\Aula80.csproj", "{CE71AAB9-4B0C-4127-9546-37156D44659D}"
EndProject
Project("{2150E333-8FDC-42A3-9474-1A3956D46DE8}") = "S09", "S09", "{CA5FB333-8F2D-4007-8ACF-FC3AE15F92D3}"
EndProject
Project("{FAE04EC0-301F-11D3-BF4B-00C04F79EFBC}") = "Enumeracao1", "S09\Enumeracao1\Enumeracao1.csproj", "{024FCEED-29EF-4654-98EC-03754FCBEA4B}"
EndProject
Project("{FAE04EC0-301F-11D3-BF4B-00C04F79EFBC}") = "Composicao1", "s09\Composicao1\Composicao1.csproj", "{FA941F8B-9140-4EE9-8DDD-798ED5434488}"
EndProject
Project("{FAE04EC0-301F-11D3-BF4B-00C04F79EFBC}") = "Composicao2", "s09\Composicao2\Composicao2.csproj", "{F67786D8-CC74-427B-8DD9-7E884F2A4297}"
EndProject
Project("{FAE04EC0-301F-11D3-BF4B-00C04F79EFBC}") = "Composicao3", "s09\Composicao3\Composicao3.csproj", "{62ABD4DC-87D4-4B32-9867-B4E49F5CF937}"
EndProject
Project("{2150E333-8FDC-42A3-9474-1A3956D46DE8}") = "S10", "S10", "{9DAF923D-9DD4-4CC4-94FE-BC7FBF71A405}"
EndProject
Project("{2150E333-8FDC-42A3-9474-1A3956D46DE8}") = "S07", "S07", "{6CA85911-4F2E-44C9-9913-AE42D804CCB6}"
EndProject
Project("{FAE04EC0-301F-11D3-BF4B-00C04F79EFBC}") = "String01", "S07\String01\String01.csproj", "{1AB5A5D3-5A19-444C-81A8-588D0B37F17E}"
EndProject
Project("{FAE04EC0-301F-11D3-BF4B-00C04F79EFBC}") = "Heranca1", "S10\Heranca1\Heranca1.csproj", "{72D798C8-1DEE-4B2A-9911-26D7F8DF17A3}"
EndProject
Project("{FAE04EC0-301F-11D3-BF4B-00C04F79EFBC}") = "Heranca2", "s10\Heranca2\Heranca2.csproj", "{40933EC6-9E97-4FC1-8E00-6EA29B17A436}"
EndProject
Project("{FAE04EC0-301F-11D3-BF4B-00C04F79EFBC}") = "Heranca3", "s10\Heranca3\Heranca3.csproj", "{4B737490-8E95-4027-9867-3C205B174AE9}"
EndProject
Project("{FAE04EC0-301F-11D3-BF4B-00C04F79EFBC}") = "Heranca4", "s10\Heranca4\Heranca4.csproj", "{DAAE0564-BBCF-4797-8EE1-943B91AFF608}"
EndProject
Project("{FAE04EC0-301F-11D3-BF4B-00C04F79EFBC}") = "Heranca5", "s10\Heranca5\Heranca5.csproj", "{F8793399-8541-4FD6-8B32-EA2C4EDF534E}"
EndProject
Project("{FAE04EC0-301F-11D3-BF4B-00C04F79EFBC}") = "Heranca6", "s10\Heranca6\Heranca6.csproj", "{C6245739-6FE5-461D-BEA6-FB6E5576F284}"
EndProject
Project("{FAE04EC0-301F-11D3-BF4B-00C04F79EFBC}") = "Heranca7", "s10\Heranca7\Heranca7.csproj", "{472B17DA-3071-44E7-A524-29299A641081}"
EndProject
Project("{FAE04EC0-301F-11D3-BF4B-00C04F79EFBC}") = "Heranca8", "s10\Heranca8\Heranca8.csproj", "{4B9C21B1-3B44-4599-84D7-4729AB71A197}"
EndProject
Project("{2150E333-8FDC-42A3-9474-1A3956D46DE8}") = "S11", "S11", "{FEC4509E-0213-48CE-86E6-EEB1DC21F180}"
EndProject
Project("{FAE04EC0-301F-11D3-BF4B-00C04F79EFBC}") = "Excecoes1", "s11\Excecoes1\Excecoes1.csproj", "{AB9DB9ED-65F7-4A5B-B9EF-B666F1A813EC}"
EndProject
Project("{FAE04EC0-301F-11D3-BF4B-00C04F79EFBC}") = "Excecoes2", "s11\Excecoes2\Excecoes2.csproj", "{C33D28F2-895E-41DF-8E2C-6E7149D7397F}"
EndProject
Global
	GlobalSection(SolutionConfigurationPlatforms) = preSolution
		Debug|Any CPU = Debug|Any CPU
		Release|Any CPU = Release|Any CPU
	EndGlobalSection
	GlobalSection(ProjectConfigurationPlatforms) = postSolution
		{9DB8633D-C162-4F20-9369-166E894B3D11}.Debug|Any CPU.ActiveCfg = Debug|Any CPU
		{9DB8633D-C162-4F20-9369-166E894B3D11}.Debug|Any CPU.Build.0 = Debug|Any CPU
		{9DB8633D-C162-4F20-9369-166E894B3D11}.Release|Any CPU.ActiveCfg = Release|Any CPU
		{9DB8633D-C162-4F20-9369-166E894B3D11}.Release|Any CPU.Build.0 = Release|Any CPU
		{E64B46DC-0569-475E-BA99-2DB724DDA90D}.Debug|Any CPU.ActiveCfg = Debug|Any CPU
		{E64B46DC-0569-475E-BA99-2DB724DDA90D}.Debug|Any CPU.Build.0 = Debug|Any CPU
		{E64B46DC-0569-475E-BA99-2DB724DDA90D}.Release|Any CPU.ActiveCfg = Release|Any CPU
		{E64B46DC-0569-475E-BA99-2DB724DDA90D}.Release|Any CPU.Build.0 = Release|Any CPU
		{BC6CBBAD-C299-4B00-8C32-B3DA3B06F138}.Debug|Any CPU.ActiveCfg = Debug|Any CPU
		{BC6CBBAD-C299-4B00-8C32-B3DA3B06F138}.Debug|Any CPU.Build.0 = Debug|Any CPU
		{BC6CBBAD-C299-4B00-8C32-B3DA3B06F138}.Release|Any CPU.ActiveCfg = Release|Any CPU
		{BC6CBBAD-C299-4B00-8C32-B3DA3B06F138}.Release|Any CPU.Build.0 = Release|Any CPU
		{47073E0F-594B-4482-8FF9-89D631195E2F}.Debug|Any CPU.ActiveCfg = Debug|Any CPU
		{47073E0F-594B-4482-8FF9-89D631195E2F}.Debug|Any CPU.Build.0 = Debug|Any CPU
		{47073E0F-594B-4482-8FF9-89D631195E2F}.Release|Any CPU.ActiveCfg = Release|Any CPU
		{47073E0F-594B-4482-8FF9-89D631195E2F}.Release|Any CPU.Build.0 = Release|Any CPU
		{D65912E2-E507-4890-B9D6-D7C04F860380}.Debug|Any CPU.ActiveCfg = Debug|Any CPU
		{D65912E2-E507-4890-B9D6-D7C04F860380}.Debug|Any CPU.Build.0 = Debug|Any CPU
		{D65912E2-E507-4890-B9D6-D7C04F860380}.Release|Any CPU.ActiveCfg = Release|Any CPU
		{D65912E2-E507-4890-B9D6-D7C04F860380}.Release|Any CPU.Build.0 = Release|Any CPU
		{FB55330B-F604-4930-99A7-A84A96543712}.Debug|Any CPU.ActiveCfg = Debug|Any CPU
		{FB55330B-F604-4930-99A7-A84A96543712}.Debug|Any CPU.Build.0 = Debug|Any CPU
		{FB55330B-F604-4930-99A7-A84A96543712}.Release|Any CPU.ActiveCfg = Release|Any CPU
		{FB55330B-F604-4930-99A7-A84A96543712}.Release|Any CPU.Build.0 = Release|Any CPU
		{094F9F88-8D3E-4F5C-B927-FB301D75A8E8}.Debug|Any CPU.ActiveCfg = Debug|Any CPU
		{094F9F88-8D3E-4F5C-B927-FB301D75A8E8}.Debug|Any CPU.Build.0 = Debug|Any CPU
		{094F9F88-8D3E-4F5C-B927-FB301D75A8E8}.Release|Any CPU.ActiveCfg = Release|Any CPU
		{094F9F88-8D3E-4F5C-B927-FB301D75A8E8}.Release|Any CPU.Build.0 = Release|Any CPU
		{916B5793-C2E5-4049-ACFD-F459A7F58135}.Debug|Any CPU.ActiveCfg = Debug|Any CPU
		{916B5793-C2E5-4049-ACFD-F459A7F58135}.Debug|Any CPU.Build.0 = Debug|Any CPU
		{916B5793-C2E5-4049-ACFD-F459A7F58135}.Release|Any CPU.ActiveCfg = Release|Any CPU
		{916B5793-C2E5-4049-ACFD-F459A7F58135}.Release|Any CPU.Build.0 = Release|Any CPU
		{14F93199-F150-47EC-BA51-4B8F3DA6D7DD}.Debug|Any CPU.ActiveCfg = Debug|Any CPU
		{14F93199-F150-47EC-BA51-4B8F3DA6D7DD}.Debug|Any CPU.Build.0 = Debug|Any CPU
		{14F93199-F150-47EC-BA51-4B8F3DA6D7DD}.Release|Any CPU.ActiveCfg = Release|Any CPU
		{14F93199-F150-47EC-BA51-4B8F3DA6D7DD}.Release|Any CPU.Build.0 = Release|Any CPU
		{F1AA5619-2BE8-4DC9-9F99-7F70729D5B29}.Debug|Any CPU.ActiveCfg = Debug|Any CPU
		{F1AA5619-2BE8-4DC9-9F99-7F70729D5B29}.Debug|Any CPU.Build.0 = Debug|Any CPU
		{F1AA5619-2BE8-4DC9-9F99-7F70729D5B29}.Release|Any CPU.ActiveCfg = Release|Any CPU
		{F1AA5619-2BE8-4DC9-9F99-7F70729D5B29}.Release|Any CPU.Build.0 = Release|Any CPU
		{C924BBB2-F094-4451-8BAD-4605B8FACF54}.Debug|Any CPU.ActiveCfg = Debug|Any CPU
		{C924BBB2-F094-4451-8BAD-4605B8FACF54}.Debug|Any CPU.Build.0 = Debug|Any CPU
		{C924BBB2-F094-4451-8BAD-4605B8FACF54}.Release|Any CPU.ActiveCfg = Release|Any CPU
		{C924BBB2-F094-4451-8BAD-4605B8FACF54}.Release|Any CPU.Build.0 = Release|Any CPU
		{22BAA00C-2D19-456C-A653-72D577BE3DFF}.Debug|Any CPU.ActiveCfg = Debug|Any CPU
		{22BAA00C-2D19-456C-A653-72D577BE3DFF}.Debug|Any CPU.Build.0 = Debug|Any CPU
		{22BAA00C-2D19-456C-A653-72D577BE3DFF}.Release|Any CPU.ActiveCfg = Release|Any CPU
		{22BAA00C-2D19-456C-A653-72D577BE3DFF}.Release|Any CPU.Build.0 = Release|Any CPU
		{319A718B-9481-4960-BC45-633AED68D7D0}.Debug|Any CPU.ActiveCfg = Debug|Any CPU
		{319A718B-9481-4960-BC45-633AED68D7D0}.Debug|Any CPU.Build.0 = Debug|Any CPU
		{319A718B-9481-4960-BC45-633AED68D7D0}.Release|Any CPU.ActiveCfg = Release|Any CPU
		{319A718B-9481-4960-BC45-633AED68D7D0}.Release|Any CPU.Build.0 = Release|Any CPU
		{A3CC7F6A-D6BE-460B-9427-C53ECD8422D6}.Debug|Any CPU.ActiveCfg = Debug|Any CPU
		{A3CC7F6A-D6BE-460B-9427-C53ECD8422D6}.Debug|Any CPU.Build.0 = Debug|Any CPU
		{A3CC7F6A-D6BE-460B-9427-C53ECD8422D6}.Release|Any CPU.ActiveCfg = Release|Any CPU
		{A3CC7F6A-D6BE-460B-9427-C53ECD8422D6}.Release|Any CPU.Build.0 = Release|Any CPU
		{53B73C82-F06A-4D98-80C7-0FE9C7BC699F}.Debug|Any CPU.ActiveCfg = Debug|Any CPU
		{53B73C82-F06A-4D98-80C7-0FE9C7BC699F}.Debug|Any CPU.Build.0 = Debug|Any CPU
		{53B73C82-F06A-4D98-80C7-0FE9C7BC699F}.Release|Any CPU.ActiveCfg = Release|Any CPU
		{53B73C82-F06A-4D98-80C7-0FE9C7BC699F}.Release|Any CPU.Build.0 = Release|Any CPU
		{8B0B9AF4-9CDA-4BD7-80BA-FFB653338987}.Debug|Any CPU.ActiveCfg = Debug|Any CPU
		{8B0B9AF4-9CDA-4BD7-80BA-FFB653338987}.Debug|Any CPU.Build.0 = Debug|Any CPU
		{8B0B9AF4-9CDA-4BD7-80BA-FFB653338987}.Release|Any CPU.ActiveCfg = Release|Any CPU
		{8B0B9AF4-9CDA-4BD7-80BA-FFB653338987}.Release|Any CPU.Build.0 = Release|Any CPU
		{B47AAB54-DB6D-477E-8900-D37E82A249DF}.Debug|Any CPU.ActiveCfg = Debug|Any CPU
		{B47AAB54-DB6D-477E-8900-D37E82A249DF}.Debug|Any CPU.Build.0 = Debug|Any CPU
		{B47AAB54-DB6D-477E-8900-D37E82A249DF}.Release|Any CPU.ActiveCfg = Release|Any CPU
		{B47AAB54-DB6D-477E-8900-D37E82A249DF}.Release|Any CPU.Build.0 = Release|Any CPU
		{4744EB20-0E11-40EB-9774-1D8853363E91}.Debug|Any CPU.ActiveCfg = Debug|Any CPU
		{4744EB20-0E11-40EB-9774-1D8853363E91}.Debug|Any CPU.Build.0 = Debug|Any CPU
		{4744EB20-0E11-40EB-9774-1D8853363E91}.Release|Any CPU.ActiveCfg = Release|Any CPU
		{4744EB20-0E11-40EB-9774-1D8853363E91}.Release|Any CPU.Build.0 = Release|Any CPU
		{21D1770B-397B-41B6-8954-57DB288ED24C}.Debug|Any CPU.ActiveCfg = Debug|Any CPU
		{21D1770B-397B-41B6-8954-57DB288ED24C}.Debug|Any CPU.Build.0 = Debug|Any CPU
		{21D1770B-397B-41B6-8954-57DB288ED24C}.Release|Any CPU.ActiveCfg = Release|Any CPU
		{21D1770B-397B-41B6-8954-57DB288ED24C}.Release|Any CPU.Build.0 = Release|Any CPU
		{4941CB7F-FC0F-447F-BD7E-6B67051F1F51}.Debug|Any CPU.ActiveCfg = Debug|Any CPU
		{4941CB7F-FC0F-447F-BD7E-6B67051F1F51}.Debug|Any CPU.Build.0 = Debug|Any CPU
		{4941CB7F-FC0F-447F-BD7E-6B67051F1F51}.Release|Any CPU.ActiveCfg = Release|Any CPU
		{4941CB7F-FC0F-447F-BD7E-6B67051F1F51}.Release|Any CPU.Build.0 = Release|Any CPU
		{AE31D21F-C9F2-4816-BBE5-67EF04B4AD48}.Debug|Any CPU.ActiveCfg = Debug|Any CPU
		{AE31D21F-C9F2-4816-BBE5-67EF04B4AD48}.Debug|Any CPU.Build.0 = Debug|Any CPU
		{AE31D21F-C9F2-4816-BBE5-67EF04B4AD48}.Release|Any CPU.ActiveCfg = Release|Any CPU
		{AE31D21F-C9F2-4816-BBE5-67EF04B4AD48}.Release|Any CPU.Build.0 = Release|Any CPU
		{11836C22-52A8-4584-BE44-EFF1A177E3B9}.Debug|Any CPU.ActiveCfg = Debug|Any CPU
		{11836C22-52A8-4584-BE44-EFF1A177E3B9}.Debug|Any CPU.Build.0 = Debug|Any CPU
		{11836C22-52A8-4584-BE44-EFF1A177E3B9}.Release|Any CPU.ActiveCfg = Release|Any CPU
		{11836C22-52A8-4584-BE44-EFF1A177E3B9}.Release|Any CPU.Build.0 = Release|Any CPU
		{4A83F9BD-C808-410A-A6B5-72D882D41949}.Debug|Any CPU.ActiveCfg = Debug|Any CPU
		{4A83F9BD-C808-410A-A6B5-72D882D41949}.Debug|Any CPU.Build.0 = Debug|Any CPU
		{4A83F9BD-C808-410A-A6B5-72D882D41949}.Release|Any CPU.ActiveCfg = Release|Any CPU
		{4A83F9BD-C808-410A-A6B5-72D882D41949}.Release|Any CPU.Build.0 = Release|Any CPU
		{7DC245F8-B71A-48FD-B0A0-98B1D5A29D7C}.Debug|Any CPU.ActiveCfg = Debug|Any CPU
		{7DC245F8-B71A-48FD-B0A0-98B1D5A29D7C}.Debug|Any CPU.Build.0 = Debug|Any CPU
		{7DC245F8-B71A-48FD-B0A0-98B1D5A29D7C}.Release|Any CPU.ActiveCfg = Release|Any CPU
		{7DC245F8-B71A-48FD-B0A0-98B1D5A29D7C}.Release|Any CPU.Build.0 = Release|Any CPU
		{4C6BCA3B-1A36-425B-AB73-C3C4DD430BDA}.Debug|Any CPU.ActiveCfg = Debug|Any CPU
		{4C6BCA3B-1A36-425B-AB73-C3C4DD430BDA}.Debug|Any CPU.Build.0 = Debug|Any CPU
		{4C6BCA3B-1A36-425B-AB73-C3C4DD430BDA}.Release|Any CPU.ActiveCfg = Release|Any CPU
		{4C6BCA3B-1A36-425B-AB73-C3C4DD430BDA}.Release|Any CPU.Build.0 = Release|Any CPU
		{CE71AAB9-4B0C-4127-9546-37156D44659D}.Debug|Any CPU.ActiveCfg = Debug|Any CPU
		{CE71AAB9-4B0C-4127-9546-37156D44659D}.Debug|Any CPU.Build.0 = Debug|Any CPU
		{CE71AAB9-4B0C-4127-9546-37156D44659D}.Release|Any CPU.ActiveCfg = Release|Any CPU
		{CE71AAB9-4B0C-4127-9546-37156D44659D}.Release|Any CPU.Build.0 = Release|Any CPU
		{024FCEED-29EF-4654-98EC-03754FCBEA4B}.Debug|Any CPU.ActiveCfg = Debug|Any CPU
		{024FCEED-29EF-4654-98EC-03754FCBEA4B}.Debug|Any CPU.Build.0 = Debug|Any CPU
		{024FCEED-29EF-4654-98EC-03754FCBEA4B}.Release|Any CPU.ActiveCfg = Release|Any CPU
		{024FCEED-29EF-4654-98EC-03754FCBEA4B}.Release|Any CPU.Build.0 = Release|Any CPU
		{FA941F8B-9140-4EE9-8DDD-798ED5434488}.Debug|Any CPU.ActiveCfg = Debug|Any CPU
		{FA941F8B-9140-4EE9-8DDD-798ED5434488}.Debug|Any CPU.Build.0 = Debug|Any CPU
		{FA941F8B-9140-4EE9-8DDD-798ED5434488}.Release|Any CPU.ActiveCfg = Release|Any CPU
		{FA941F8B-9140-4EE9-8DDD-798ED5434488}.Release|Any CPU.Build.0 = Release|Any CPU
		{F67786D8-CC74-427B-8DD9-7E884F2A4297}.Debug|Any CPU.ActiveCfg = Debug|Any CPU
		{F67786D8-CC74-427B-8DD9-7E884F2A4297}.Debug|Any CPU.Build.0 = Debug|Any CPU
		{F67786D8-CC74-427B-8DD9-7E884F2A4297}.Release|Any CPU.ActiveCfg = Release|Any CPU
		{F67786D8-CC74-427B-8DD9-7E884F2A4297}.Release|Any CPU.Build.0 = Release|Any CPU
		{62ABD4DC-87D4-4B32-9867-B4E49F5CF937}.Debug|Any CPU.ActiveCfg = Debug|Any CPU
		{62ABD4DC-87D4-4B32-9867-B4E49F5CF937}.Debug|Any CPU.Build.0 = Debug|Any CPU
		{62ABD4DC-87D4-4B32-9867-B4E49F5CF937}.Release|Any CPU.ActiveCfg = Release|Any CPU
		{62ABD4DC-87D4-4B32-9867-B4E49F5CF937}.Release|Any CPU.Build.0 = Release|Any CPU
		{1AB5A5D3-5A19-444C-81A8-588D0B37F17E}.Debug|Any CPU.ActiveCfg = Debug|Any CPU
		{1AB5A5D3-5A19-444C-81A8-588D0B37F17E}.Debug|Any CPU.Build.0 = Debug|Any CPU
		{1AB5A5D3-5A19-444C-81A8-588D0B37F17E}.Release|Any CPU.ActiveCfg = Release|Any CPU
		{1AB5A5D3-5A19-444C-81A8-588D0B37F17E}.Release|Any CPU.Build.0 = Release|Any CPU
		{72D798C8-1DEE-4B2A-9911-26D7F8DF17A3}.Debug|Any CPU.ActiveCfg = Debug|Any CPU
		{72D798C8-1DEE-4B2A-9911-26D7F8DF17A3}.Debug|Any CPU.Build.0 = Debug|Any CPU
		{72D798C8-1DEE-4B2A-9911-26D7F8DF17A3}.Release|Any CPU.ActiveCfg = Release|Any CPU
		{72D798C8-1DEE-4B2A-9911-26D7F8DF17A3}.Release|Any CPU.Build.0 = Release|Any CPU
		{40933EC6-9E97-4FC1-8E00-6EA29B17A436}.Debug|Any CPU.ActiveCfg = Debug|Any CPU
		{40933EC6-9E97-4FC1-8E00-6EA29B17A436}.Debug|Any CPU.Build.0 = Debug|Any CPU
		{40933EC6-9E97-4FC1-8E00-6EA29B17A436}.Release|Any CPU.ActiveCfg = Release|Any CPU
		{40933EC6-9E97-4FC1-8E00-6EA29B17A436}.Release|Any CPU.Build.0 = Release|Any CPU
		{4B737490-8E95-4027-9867-3C205B174AE9}.Debug|Any CPU.ActiveCfg = Debug|Any CPU
		{4B737490-8E95-4027-9867-3C205B174AE9}.Debug|Any CPU.Build.0 = Debug|Any CPU
		{4B737490-8E95-4027-9867-3C205B174AE9}.Release|Any CPU.ActiveCfg = Release|Any CPU
		{4B737490-8E95-4027-9867-3C205B174AE9}.Release|Any CPU.Build.0 = Release|Any CPU
		{DAAE0564-BBCF-4797-8EE1-943B91AFF608}.Debug|Any CPU.ActiveCfg = Debug|Any CPU
		{DAAE0564-BBCF-4797-8EE1-943B91AFF608}.Debug|Any CPU.Build.0 = Debug|Any CPU
		{DAAE0564-BBCF-4797-8EE1-943B91AFF608}.Release|Any CPU.ActiveCfg = Release|Any CPU
		{DAAE0564-BBCF-4797-8EE1-943B91AFF608}.Release|Any CPU.Build.0 = Release|Any CPU
		{F8793399-8541-4FD6-8B32-EA2C4EDF534E}.Debug|Any CPU.ActiveCfg = Debug|Any CPU
		{F8793399-8541-4FD6-8B32-EA2C4EDF534E}.Debug|Any CPU.Build.0 = Debug|Any CPU
		{F8793399-8541-4FD6-8B32-EA2C4EDF534E}.Release|Any CPU.ActiveCfg = Release|Any CPU
		{F8793399-8541-4FD6-8B32-EA2C4EDF534E}.Release|Any CPU.Build.0 = Release|Any CPU
		{C6245739-6FE5-461D-BEA6-FB6E5576F284}.Debug|Any CPU.ActiveCfg = Debug|Any CPU
		{C6245739-6FE5-461D-BEA6-FB6E5576F284}.Debug|Any CPU.Build.0 = Debug|Any CPU
		{C6245739-6FE5-461D-BEA6-FB6E5576F284}.Release|Any CPU.ActiveCfg = Release|Any CPU
		{C6245739-6FE5-461D-BEA6-FB6E5576F284}.Release|Any CPU.Build.0 = Release|Any CPU
		{472B17DA-3071-44E7-A524-29299A641081}.Debug|Any CPU.ActiveCfg = Debug|Any CPU
		{472B17DA-3071-44E7-A524-29299A641081}.Debug|Any CPU.Build.0 = Debug|Any CPU
		{472B17DA-3071-44E7-A524-29299A641081}.Release|Any CPU.ActiveCfg = Release|Any CPU
		{472B17DA-3071-44E7-A524-29299A641081}.Release|Any CPU.Build.0 = Release|Any CPU
		{4B9C21B1-3B44-4599-84D7-4729AB71A197}.Debug|Any CPU.ActiveCfg = Debug|Any CPU
		{4B9C21B1-3B44-4599-84D7-4729AB71A197}.Debug|Any CPU.Build.0 = Debug|Any CPU
		{4B9C21B1-3B44-4599-84D7-4729AB71A197}.Release|Any CPU.ActiveCfg = Release|Any CPU
		{4B9C21B1-3B44-4599-84D7-4729AB71A197}.Release|Any CPU.Build.0 = Release|Any CPU
		{AB9DB9ED-65F7-4A5B-B9EF-B666F1A813EC}.Debug|Any CPU.ActiveCfg = Debug|Any CPU
		{AB9DB9ED-65F7-4A5B-B9EF-B666F1A813EC}.Debug|Any CPU.Build.0 = Debug|Any CPU
		{AB9DB9ED-65F7-4A5B-B9EF-B666F1A813EC}.Release|Any CPU.ActiveCfg = Release|Any CPU
		{AB9DB9ED-65F7-4A5B-B9EF-B666F1A813EC}.Release|Any CPU.Build.0 = Release|Any CPU
		{C33D28F2-895E-41DF-8E2C-6E7149D7397F}.Debug|Any CPU.ActiveCfg = Debug|Any CPU
		{C33D28F2-895E-41DF-8E2C-6E7149D7397F}.Debug|Any CPU.Build.0 = Debug|Any CPU
		{C33D28F2-895E-41DF-8E2C-6E7149D7397F}.Release|Any CPU.ActiveCfg = Release|Any CPU
		{C33D28F2-895E-41DF-8E2C-6E7149D7397F}.Release|Any CPU.Build.0 = Release|Any CPU
	EndGlobalSection
	GlobalSection(SolutionProperties) = preSolution
		HideSolutionNode = FALSE
	EndGlobalSection
	GlobalSection(NestedProjects) = preSolution
		{9DB8633D-C162-4F20-9369-166E894B3D11} = {C09C8B27-D548-4D5F-A700-B5D998835D3E}
		{E64B46DC-0569-475E-BA99-2DB724DDA90D} = {C09C8B27-D548-4D5F-A700-B5D998835D3E}
		{BC6CBBAD-C299-4B00-8C32-B3DA3B06F138} = {C09C8B27-D548-4D5F-A700-B5D998835D3E}
		{47073E0F-594B-4482-8FF9-89D631195E2F} = {C09C8B27-D548-4D5F-A700-B5D998835D3E}
		{D65912E2-E507-4890-B9D6-D7C04F860380} = {C09C8B27-D548-4D5F-A700-B5D998835D3E}
		{FB55330B-F604-4930-99A7-A84A96543712} = {C09C8B27-D548-4D5F-A700-B5D998835D3E}
		{094F9F88-8D3E-4F5C-B927-FB301D75A8E8} = {C09C8B27-D548-4D5F-A700-B5D998835D3E}
		{916B5793-C2E5-4049-ACFD-F459A7F58135} = {C09C8B27-D548-4D5F-A700-B5D998835D3E}
		{14F93199-F150-47EC-BA51-4B8F3DA6D7DD} = {C09C8B27-D548-4D5F-A700-B5D998835D3E}
		{F1AA5619-2BE8-4DC9-9F99-7F70729D5B29} = {C09C8B27-D548-4D5F-A700-B5D998835D3E}
		{C924BBB2-F094-4451-8BAD-4605B8FACF54} = {C09C8B27-D548-4D5F-A700-B5D998835D3E}
		{22BAA00C-2D19-456C-A653-72D577BE3DFF} = {C09C8B27-D548-4D5F-A700-B5D998835D3E}
		{319A718B-9481-4960-BC45-633AED68D7D0} = {4FFBFFF3-72C2-41E2-AA76-5A52827231DF}
		{A3CC7F6A-D6BE-460B-9427-C53ECD8422D6} = {4FFBFFF3-72C2-41E2-AA76-5A52827231DF}
		{53B73C82-F06A-4D98-80C7-0FE9C7BC699F} = {4FFBFFF3-72C2-41E2-AA76-5A52827231DF}
		{8B0B9AF4-9CDA-4BD7-80BA-FFB653338987} = {4FFBFFF3-72C2-41E2-AA76-5A52827231DF}
		{B47AAB54-DB6D-477E-8900-D37E82A249DF} = {4FFBFFF3-72C2-41E2-AA76-5A52827231DF}
		{4744EB20-0E11-40EB-9774-1D8853363E91} = {D437BF21-7064-4E26-BCFC-A2D94FF5D175}
		{21D1770B-397B-41B6-8954-57DB288ED24C} = {D437BF21-7064-4E26-BCFC-A2D94FF5D175}
		{4941CB7F-FC0F-447F-BD7E-6B67051F1F51} = {D437BF21-7064-4E26-BCFC-A2D94FF5D175}
		{AE31D21F-C9F2-4816-BBE5-67EF04B4AD48} = {D437BF21-7064-4E26-BCFC-A2D94FF5D175}
		{11836C22-52A8-4584-BE44-EFF1A177E3B9} = {D437BF21-7064-4E26-BCFC-A2D94FF5D175}
		{4A83F9BD-C808-410A-A6B5-72D882D41949} = {D437BF21-7064-4E26-BCFC-A2D94FF5D175}
		{7DC245F8-B71A-48FD-B0A0-98B1D5A29D7C} = {D437BF21-7064-4E26-BCFC-A2D94FF5D175}
		{4C6BCA3B-1A36-425B-AB73-C3C4DD430BDA} = {D437BF21-7064-4E26-BCFC-A2D94FF5D175}
		{CE71AAB9-4B0C-4127-9546-37156D44659D} = {D437BF21-7064-4E26-BCFC-A2D94FF5D175}
		{024FCEED-29EF-4654-98EC-03754FCBEA4B} = {CA5FB333-8F2D-4007-8ACF-FC3AE15F92D3}
		{FA941F8B-9140-4EE9-8DDD-798ED5434488} = {CA5FB333-8F2D-4007-8ACF-FC3AE15F92D3}
		{F67786D8-CC74-427B-8DD9-7E884F2A4297} = {CA5FB333-8F2D-4007-8ACF-FC3AE15F92D3}
		{62ABD4DC-87D4-4B32-9867-B4E49F5CF937} = {CA5FB333-8F2D-4007-8ACF-FC3AE15F92D3}
		{1AB5A5D3-5A19-444C-81A8-588D0B37F17E} = {6CA85911-4F2E-44C9-9913-AE42D804CCB6}
		{72D798C8-1DEE-4B2A-9911-26D7F8DF17A3} = {9DAF923D-9DD4-4CC4-94FE-BC7FBF71A405}
		{40933EC6-9E97-4FC1-8E00-6EA29B17A436} = {9DAF923D-9DD4-4CC4-94FE-BC7FBF71A405}
		{4B737490-8E95-4027-9867-3C205B174AE9} = {9DAF923D-9DD4-4CC4-94FE-BC7FBF71A405}
		{DAAE0564-BBCF-4797-8EE1-943B91AFF608} = {9DAF923D-9DD4-4CC4-94FE-BC7FBF71A405}
		{F8793399-8541-4FD6-8B32-EA2C4EDF534E} = {9DAF923D-9DD4-4CC4-94FE-BC7FBF71A405}
		{C6245739-6FE5-461D-BEA6-FB6E5576F284} = {9DAF923D-9DD4-4CC4-94FE-BC7FBF71A405}
		{472B17DA-3071-44E7-A524-29299A641081} = {9DAF923D-9DD4-4CC4-94FE-BC7FBF71A405}
		{4B9C21B1-3B44-4599-84D7-4729AB71A197} = {9DAF923D-9DD4-4CC4-94FE-BC7FBF71A405}
		{AB9DB9ED-65F7-4A5B-B9EF-B666F1A813EC} = {FEC4509E-0213-48CE-86E6-EEB1DC21F180}
		{C33D28F2-895E-41DF-8E2C-6E7149D7397F} = {FEC4509E-0213-48CE-86E6-EEB1DC21F180}
	EndGlobalSection
	GlobalSection(ExtensibilityGlobals) = postSolution
		SolutionGuid = {09E4108B-7978-4A40-BA72-242AE0C15AC8}
	EndGlobalSection
EndGlobal
